{
    "version": 3,
    "terraform_version": "0.11.11",
    "serial": 2,
    "lineage": "67bed0b7-4563-4175-b01d-1ee0649aeb81",
    "modules": [
        {
            "path": [
                "root"
            ],
            "outputs": {},
            "resources": {},
            "depends_on": []
        },
        {
            "path": [
                "root",
                "EC2"
            ],
            "outputs": {
                "instance_az": {
                    "sensitive": false,
                    "type": "list",
                    "value": [
                        "ap-northeast-2a",
                        "ap-northeast-2c"
                    ]
                },
                "instance_ids": {
                    "sensitive": false,
                    "type": "list",
                    "value": [
                        "i-052a579b87b5022e1",
                        "i-06bfd9337cf8be2e7"
                    ]
                }
            },
            "resources": {
                "aws_instance.ec2.0": {
                    "type": "aws_instance",
                    "depends_on": [],
                    "primary": {
                        "id": "i-052a579b87b5022e1",
                        "attributes": {
                            "ami": "ami-06e7b9c5e0c4dd014",
                            "arn": "arn:aws:ec2:ap-northeast-2:649524209221:instance/i-052a579b87b5022e1",
                            "associate_public_ip_address": "true",
                            "availability_zone": "ap-northeast-2a",
                            "cpu_core_count": "1",
                            "cpu_threads_per_core": "1",
                            "credit_specification.#": "1",
                            "credit_specification.0.cpu_credits": "standard",
                            "disable_api_termination": "false",
                            "ebs_block_device.#": "0",
                            "ebs_optimized": "false",
                            "ephemeral_block_device.#": "0",
                            "get_password_data": "false",
                            "iam_instance_profile": "Full_S3_access_from_EC2",
                            "id": "i-052a579b87b5022e1",
                            "instance_state": "running",
                            "instance_type": "t2.micro",
                            "ipv6_addresses.#": "0",
                            "key_name": "satish-scb",
                            "monitoring": "false",
                            "network_interface.#": "0",
                            "password_data": "",
                            "placement_group": "",
                            "primary_network_interface_id": "eni-0b3dd721bf5c73c48",
                            "private_dns": "ip-172-31-7-231.ap-northeast-2.compute.internal",
                            "private_ip": "172.31.7.231",
                            "public_dns": "ec2-52-78-86-143.ap-northeast-2.compute.amazonaws.com",
                            "public_ip": "52.78.86.143",
                            "root_block_device.#": "1",
                            "root_block_device.0.delete_on_termination": "true",
                            "root_block_device.0.iops": "100",
                            "root_block_device.0.volume_id": "vol-0a4e558cef801e146",
                            "root_block_device.0.volume_size": "8",
                            "root_block_device.0.volume_type": "gp2",
                            "security_groups.#": "1",
                            "security_groups.3814588639": "default",
                            "source_dest_check": "true",
                            "subnet_id": "subnet-64d2ec0c",
                            "tags.%": "7",
                            "tags.AdminName": "Satish",
                            "tags.AppLevel": "1",
                            "tags.AppName": "MyApp",
                            "tags.AppType": "NewApp",
                            "tags.Company": "Satish",
                            "tags.Function": "Test",
                            "tags.Name": "Satish-1",
                            "tenancy": "default",
                            "volume_tags.%": "0",
                            "vpc_security_group_ids.#": "1",
                            "vpc_security_group_ids.1470341435": "sg-f52ab79f"
                        },
                        "meta": {
                            "e2bfb730-ecaa-11e6-8f88-34363bc7c4c0": {
                                "create": 600000000000,
                                "delete": 1200000000000,
                                "update": 600000000000
                            },
                            "schema_version": "1"
                        },
                        "tainted": false
                    },
                    "deposed": [],
                    "provider": "provider.aws"
                },
                "aws_instance.ec2.1": {
                    "type": "aws_instance",
                    "depends_on": [],
                    "primary": {
                        "id": "i-06bfd9337cf8be2e7",
                        "attributes": {
                            "ami": "ami-06e7b9c5e0c4dd014",
                            "arn": "arn:aws:ec2:ap-northeast-2:649524209221:instance/i-06bfd9337cf8be2e7",
                            "associate_public_ip_address": "true",
                            "availability_zone": "ap-northeast-2c",
                            "cpu_core_count": "1",
                            "cpu_threads_per_core": "1",
                            "credit_specification.#": "1",
                            "credit_specification.0.cpu_credits": "standard",
                            "disable_api_termination": "false",
                            "ebs_block_device.#": "0",
                            "ebs_optimized": "false",
                            "ephemeral_block_device.#": "0",
                            "get_password_data": "false",
                            "iam_instance_profile": "Full_S3_access_from_EC2",
                            "id": "i-06bfd9337cf8be2e7",
                            "instance_state": "running",
                            "instance_type": "t2.micro",
                            "ipv6_addresses.#": "0",
                            "key_name": "satish-scb",
                            "monitoring": "false",
                            "network_interface.#": "0",
                            "password_data": "",
                            "placement_group": "",
                            "primary_network_interface_id": "eni-058996d586a8646fb",
                            "private_dns": "ip-172-31-19-252.ap-northeast-2.compute.internal",
                            "private_ip": "172.31.19.252",
                            "public_dns": "ec2-13-125-206-24.ap-northeast-2.compute.amazonaws.com",
                            "public_ip": "13.125.206.24",
                            "root_block_device.#": "1",
                            "root_block_device.0.delete_on_termination": "true",
                            "root_block_device.0.iops": "100",
                            "root_block_device.0.volume_id": "vol-036febfec245aa25c",
                            "root_block_device.0.volume_size": "8",
                            "root_block_device.0.volume_type": "gp2",
                            "security_groups.#": "1",
                            "security_groups.3814588639": "default",
                            "source_dest_check": "true",
                            "subnet_id": "subnet-f0325fbc",
                            "tags.%": "7",
                            "tags.AdminName": "Satish",
                            "tags.AppLevel": "1",
                            "tags.AppName": "MyApp",
                            "tags.AppType": "NewApp",
                            "tags.Company": "Satish",
                            "tags.Function": "Test",
                            "tags.Name": "Satish-2",
                            "tenancy": "default",
                            "volume_tags.%": "0",
                            "vpc_security_group_ids.#": "1",
                            "vpc_security_group_ids.1470341435": "sg-f52ab79f"
                        },
                        "meta": {
                            "e2bfb730-ecaa-11e6-8f88-34363bc7c4c0": {
                                "create": 600000000000,
                                "delete": 1200000000000,
                                "update": 600000000000
                            },
                            "schema_version": "1"
                        },
                        "tainted": false
                    },
                    "deposed": [],
                    "provider": "provider.aws"
                }
            },
            "depends_on": []
        }
    ]
}
